
Microsoft Visual Studio Solution File, Format Version 12.00
# Visual Studio Version 16
VisualStudioVersion = 16.0.32228.343
MinimumVisualStudioVersion = 10.0.40219.1
Project("{FAE04EC0-301F-11D3-BF4B-00C04F79EFBC}") = "SimulationModel", "SimulationModel\SimulationModel.csproj", "{C405F59D-79D0-4FBD-A069-21606850349C}"
EndProject
Global
	GlobalSection(SolutionConfigurationPlatforms) = preSolution
		Debug|Any CPU = Debug|Any CPU
		Release|Any CPU = Release|Any CPU
	EndGlobalSection
	GlobalSection(ProjectConfigurationPlatforms) = postSolution
		{C405F59D-79D0-4FBD-A069-21606850349C}.Debug|Any CPU.ActiveCfg = Debug|Any CPU
		{C405F59D-79D0-4FBD-A069-21606850349C}.Debug|Any CPU.Build.0 = Debug|Any CPU
		{C405F59D-79D0-4FBD-A069-21606850349C}.Release|Any CPU.ActiveCfg = Release|Any CPU
		{C405F59D-79D0-4FBD-A069-21606850349C}.Release|Any CPU.Build.0 = Release|Any CPU
	EndGlobalSection
	GlobalSection(SolutionProperties) = preSolution
		HideSolutionNode = FALSE
	EndGlobalSection
	GlobalSection(ExtensibilityGlobals) = postSolution
		SolutionGuid = {35E6FE61-093D-47CC-84D5-4B227094BAB5}
	EndGlobalSection
EndGlobal
